// !$*UTF8*$!
{
	archiveVersion = 1;
	classes = {
	};
	objectVersion = 50;
	objects = {

/* Begin PBXBuildFile section */
		1B068ACE2679266F006078DE /* Network.swift in Sources */ = {isa = PBXBuildFile; fileRef = 1B068ACD2679266F006078DE /* Network.swift */; };
		1B3E846026791F8900CB051C /* R.generated.swift in Sources */ = {isa = PBXBuildFile; fileRef = 1B3E845F26791F8900CB051C /* R.generated.swift */; };
		1B9FB0192679127100979B55 /* AppDelegate.swift in Sources */ = {isa = PBXBuildFile; fileRef = 1B9FB0182679127100979B55 /* AppDelegate.swift */; };
		1B9FB01B2679127100979B55 /* SceneDelegate.swift in Sources */ = {isa = PBXBuildFile; fileRef = 1B9FB01A2679127100979B55 /* SceneDelegate.swift */; };
		1B9FB01D2679127100979B55 /* SignInViewController.swift in Sources */ = {isa = PBXBuildFile; fileRef = 1B9FB01C2679127100979B55 /* SignInViewController.swift */; };
		1B9FB0202679127100979B55 /* Main.storyboard in Resources */ = {isa = PBXBuildFile; fileRef = 1B9FB01E2679127100979B55 /* Main.storyboard */; };
		1B9FB0222679127200979B55 /* Assets.xcassets in Resources */ = {isa = PBXBuildFile; fileRef = 1B9FB0212679127200979B55 /* Assets.xcassets */; };
		1B9FB0252679127200979B55 /* LaunchScreen.storyboard in Resources */ = {isa = PBXBuildFile; fileRef = 1B9FB0232679127200979B55 /* LaunchScreen.storyboard */; };
		1B9FB02D26791A5F00979B55 /* MainViewController.swift in Sources */ = {isa = PBXBuildFile; fileRef = 1B9FB02C26791A5F00979B55 /* MainViewController.swift */; };
		D2A6945B8625982AEB30F2B5 /* libPods-SwiftQuest.a in Frameworks */ = {isa = PBXBuildFile; fileRef = 416F79E0FF4995A499FD9DB9 /* libPods-SwiftQuest.a */; };
/* End PBXBuildFile section */

/* Begin PBXFileReference section */
		1B068ACD2679266F006078DE /* Network.swift */ = {isa = PBXFileReference; lastKnownFileType = sourcecode.swift; path = Network.swift; sourceTree = "<group>"; };
		1B3E845F26791F8900CB051C /* R.generated.swift */ = {isa = PBXFileReference; fileEncoding = 4; lastKnownFileType = sourcecode.swift; name = R.generated.swift; path = SwiftQuest/R.generated.swift; sourceTree = SOURCE_ROOT; };
		1B9FB0152679127100979B55 /* SwiftQuest.app */ = {isa = PBXFileReference; explicitFileType = wrapper.application; includeInIndex = 0; path = SwiftQuest.app; sourceTree = BUILT_PRODUCTS_DIR; };
		1B9FB0182679127100979B55 /* AppDelegate.swift */ = {isa = PBXFileReference; lastKnownFileType = sourcecode.swift; path = AppDelegate.swift; sourceTree = "<group>"; };
		1B9FB01A2679127100979B55 /* SceneDelegate.swift */ = {isa = PBXFileReference; lastKnownFileType = sourcecode.swift; path = SceneDelegate.swift; sourceTree = "<group>"; };
		1B9FB01C2679127100979B55 /* SignInViewController.swift */ = {isa = PBXFileReference; lastKnownFileType = sourcecode.swift; path = SignInViewController.swift; sourceTree = "<group>"; };
		1B9FB01F2679127100979B55 /* Base */ = {isa = PBXFileReference; lastKnownFileType = file.storyboard; name = Base; path = Base.lproj/Main.storyboard; sourceTree = "<group>"; };
		1B9FB0212679127200979B55 /* Assets.xcassets */ = {isa = PBXFileReference; lastKnownFileType = folder.assetcatalog; path = Assets.xcassets; sourceTree = "<group>"; };
		1B9FB0242679127200979B55 /* Base */ = {isa = PBXFileReference; lastKnownFileType = file.storyboard; name = Base; path = Base.lproj/LaunchScreen.storyboard; sourceTree = "<group>"; };
		1B9FB0262679127200979B55 /* Info.plist */ = {isa = PBXFileReference; lastKnownFileType = text.plist.xml; path = Info.plist; sourceTree = "<group>"; };
		1B9FB02C26791A5F00979B55 /* MainViewController.swift */ = {isa = PBXFileReference; lastKnownFileType = sourcecode.swift; path = MainViewController.swift; sourceTree = "<group>"; };
		416F79E0FF4995A499FD9DB9 /* libPods-SwiftQuest.a */ = {isa = PBXFileReference; explicitFileType = archive.ar; includeInIndex = 0; path = "libPods-SwiftQuest.a"; sourceTree = BUILT_PRODUCTS_DIR; };
		6977747427783DC49AAA14AB /* Pods-SwiftQuest.debug.xcconfig */ = {isa = PBXFileReference; includeInIndex = 1; lastKnownFileType = text.xcconfig; name = "Pods-SwiftQuest.debug.xcconfig"; path = "Target Support Files/Pods-SwiftQuest/Pods-SwiftQuest.debug.xcconfig"; sourceTree = "<group>"; };
		D04687A8DFA7C6DB1966DD36 /* Pods-SwiftQuest.release.xcconfig */ = {isa = PBXFileReference; includeInIndex = 1; lastKnownFileType = text.xcconfig; name = "Pods-SwiftQuest.release.xcconfig"; path = "Target Support Files/Pods-SwiftQuest/Pods-SwiftQuest.release.xcconfig"; sourceTree = "<group>"; };
/* End PBXFileReference section */

/* Begin PBXFrameworksBuildPhase section */
		1B9FB0122679127100979B55 /* Frameworks */ = {
			isa = PBXFrameworksBuildPhase;
			buildActionMask = 2147483647;
			files = (
				D2A6945B8625982AEB30F2B5 /* libPods-SwiftQuest.a in Frameworks */,
			);
			runOnlyForDeploymentPostprocessing = 0;
		};
/* End PBXFrameworksBuildPhase section */

/* Begin PBXGroup section */
		1B9FB00C2679127100979B55 = {
			isa = PBXGroup;
			children = (
				1B9FB0172679127100979B55 /* SwiftQuest */,
				1B9FB0162679127100979B55 /* Products */,
				E1805C685593548F7A18094E /* Pods */,
				2E8EF12460F50DAB3D84E575 /* Frameworks */,
			);
			sourceTree = "<group>";
		};
		1B9FB0162679127100979B55 /* Products */ = {
			isa = PBXGroup;
			children = (
				1B9FB0152679127100979B55 /* SwiftQuest.app */,
			);
			name = Products;
			sourceTree = "<group>";
		};
		1B9FB0172679127100979B55 /* SwiftQuest */ = {
			isa = PBXGroup;
			children = (
				1B9FB0182679127100979B55 /* AppDelegate.swift */,
				1B9FB01A2679127100979B55 /* SceneDelegate.swift */,
				1B9FB01C2679127100979B55 /* SignInViewController.swift */,
				1B9FB02C26791A5F00979B55 /* MainViewController.swift */,
				1B9FB0232679127200979B55 /* LaunchScreen.storyboard */,
				1B9FB01E2679127100979B55 /* Main.storyboard */,
				1B9FB0212679127200979B55 /* Assets.xcassets */,
				1B9FB0262679127200979B55 /* Info.plist */,
				1B3E845F26791F8900CB051C /* R.generated.swift */,
				1B068ACD2679266F006078DE /* Network.swift */,
			);
			path = SwiftQuest;
			sourceTree = "<group>";
		};
		2E8EF12460F50DAB3D84E575 /* Frameworks */ = {
			isa = PBXGroup;
			children = (
				416F79E0FF4995A499FD9DB9 /* libPods-SwiftQuest.a */,
			);
			name = Frameworks;
			sourceTree = "<group>";
		};
		E1805C685593548F7A18094E /* Pods */ = {
			isa = PBXGroup;
			children = (
				6977747427783DC49AAA14AB /* Pods-SwiftQuest.debug.xcconfig */,
				D04687A8DFA7C6DB1966DD36 /* Pods-SwiftQuest.release.xcconfig */,
			);
			path = Pods;
			sourceTree = "<group>";
		};
/* End PBXGroup section */

/* Begin PBXNativeTarget section */
		1B9FB0142679127100979B55 /* SwiftQuest */ = {
			isa = PBXNativeTarget;
			buildConfigurationList = 1B9FB0292679127200979B55 /* Build configuration list for PBXNativeTarget "SwiftQuest" */;
			buildPhases = (
				B7C3CEF6A1BEB2860D5888D0 /* [CP] Check Pods Manifest.lock */,
				1B3E845E26791E8300CB051C /* ShellScript */,
				1B9FB0112679127100979B55 /* Sources */,
				1B9FB0122679127100979B55 /* Frameworks */,
				1B9FB0132679127100979B55 /* Resources */,
			);
			buildRules = (
			);
			dependencies = (
			);
			name = SwiftQuest;
			productName = SwiftQuest;
			productReference = 1B9FB0152679127100979B55 /* SwiftQuest.app */;
			productType = "com.apple.product-type.application";
		};
/* End PBXNativeTarget section */

/* Begin PBXProject section */
		1B9FB00D2679127100979B55 /* Project object */ = {
			isa = PBXProject;
			attributes = {
				LastSwiftUpdateCheck = 1250;
				LastUpgradeCheck = 1250;
				TargetAttributes = {
					1B9FB0142679127100979B55 = {
						CreatedOnToolsVersion = 12.5;
					};
				};
			};
			buildConfigurationList = 1B9FB0102679127100979B55 /* Build configuration list for PBXProject "SwiftQuest" */;
			compatibilityVersion = "Xcode 9.3";
			developmentRegion = en;
			hasScannedForEncodings = 0;
			knownRegions = (
				en,
				Base,
			);
			mainGroup = 1B9FB00C2679127100979B55;
			productRefGroup = 1B9FB0162679127100979B55 /* Products */;
			projectDirPath = "";
			projectRoot = "";
			targets = (
				1B9FB0142679127100979B55 /* SwiftQuest */,
			);
		};
/* End PBXProject section */

/* Begin PBXResourcesBuildPhase section */
		1B9FB0132679127100979B55 /* Resources */ = {
			isa = PBXResourcesBuildPhase;
			buildActionMask = 2147483647;
			files = (
				1B9FB0252679127200979B55 /* LaunchScreen.storyboard in Resources */,
				1B9FB0222679127200979B55 /* Assets.xcassets in Resources */,
				1B9FB0202679127100979B55 /* Main.storyboard in Resources */,
			);
			runOnlyForDeploymentPostprocessing = 0;
		};
/* End PBXResourcesBuildPhase section */

/* Begin PBXShellScriptBuildPhase section */
		1B3E845E26791E8300CB051C /* ShellScript */ = {
			isa = PBXShellScriptBuildPhase;
			buildActionMask = 2147483647;
			files = (
			);
			inputFileListPaths = (
			);
			inputPaths = (
				"$TEMP_DIR/rswift-lastrun",
			);
			outputFileListPaths = (
			);
			outputPaths = (
				$SRCROOT/R.generated.swift,
			);
			runOnlyForDeploymentPostprocessing = 0;
			shellPath = /bin/sh;
			shellScript = "\"$PODS_ROOT/R.swift/rswift\" generate \"$SRCROOT/R.generated.swift\"\n";
		};
		B7C3CEF6A1BEB2860D5888D0 /* [CP] Check Pods Manifest.lock */ = {
			isa = PBXShellScriptBuildPhase;
			buildActionMask = 2147483647;
			files = (
			);
			inputFileListPaths = (
			);
			inputPaths = (
				"${PODS_PODFILE_DIR_PATH}/Podfile.lock",
				"${PODS_ROOT}/Manifest.lock",
			);
			name = "[CP] Check Pods Manifest.lock";
			outputFileListPaths = (
			);
			outputPaths = (
				"$(DERIVED_FILE_DIR)/Pods-SwiftQuest-checkManifestLockResult.txt",
			);
			runOnlyForDeploymentPostprocessing = 0;
			shellPath = /bin/sh;
			shellScript = "diff \"${PODS_PODFILE_DIR_PATH}/Podfile.lock\" \"${PODS_ROOT}/Manifest.lock\" > /dev/null\nif [ $? != 0 ] ; then\n    # print error to STDERR\n    echo \"error: The sandbox is not in sync with the Podfile.lock. Run 'pod install' or update your CocoaPods installation.\" >&2\n    exit 1\nfi\n# This output is used by Xcode 'outputs' to avoid re-running this script phase.\necho \"SUCCESS\" > \"${SCRIPT_OUTPUT_FILE_0}\"\n";
			showEnvVarsInLog = 0;
		};
/* End PBXShellScriptBuildPhase section */

/* Begin PBXSourcesBuildPhase section */
		1B9FB0112679127100979B55 /* Sources */ = {
			isa = PBXSourcesBuildPhase;
			buildActionMask = 2147483647;
			files = (
				1B9FB01D2679127100979B55 /* SignInViewController.swift in Sources */,
				1B9FB0192679127100979B55 /* AppDelegate.swift in Sources */,
				1B068ACE2679266F006078DE /* Network.swift in Sources */,
				1B3E846026791F8900CB051C /* R.generated.swift in Sources */,
				1B9FB01B2679127100979B55 /* SceneDelegate.swift in Sources */,
				1B9FB02D26791A5F00979B55 /* MainViewController.swift in Sources */,
			);
			runOnlyForDeploymentPostprocessing = 0;
		};
/* End PBXSourcesBuildPhase section */

/* Begin PBXVariantGroup section */
		1B9FB01E2679127100979B55 /* Main.storyboard */ = {
			isa = PBXVariantGroup;
			children = (
				1B9FB01F2679127100979B55 /* Base */,
			);
			name = Main.storyboard;
			sourceTree = "<group>";
		};
		1B9FB0232679127200979B55 /* LaunchScreen.storyboard */ = {
			isa = PBXVariantGroup;
			children = (
				1B9FB0242679127200979B55 /* Base */,
			);
			name = LaunchScreen.storyboard;
			sourceTree = "<group>";
		};
/* End PBXVariantGroup section */

/* Begin XCBuildConfiguration section */
		1B9FB0272679127200979B55 /* Debug */ = {
			isa = XCBuildConfiguration;
			buildSettings = {
				ALWAYS_SEARCH_USER_PATHS = NO;
				CLANG_ANALYZER_NONNULL = YES;
				CLANG_ANALYZER_NUMBER_OBJECT_CONVERSION = YES_AGGRESSIVE;
				CLANG_CXX_LANGUAGE_STANDARD = "gnu++14";
				CLANG_CXX_LIBRARY = "libc++";
				CLANG_ENABLE_MODULES = YES;
				CLANG_ENABLE_OBJC_ARC = YES;
				CLANG_ENABLE_OBJC_WEAK = YES;
				CLANG_WARN_BLOCK_CAPTURE_AUTORELEASING = YES;
				CLANG_WARN_BOOL_CONVERSION = YES;
				CLANG_WARN_COMMA = YES;
				CLANG_WARN_CONSTANT_CONVERSION = YES;
				CLANG_WARN_DEPRECATED_OBJC_IMPLEMENTATIONS = YES;
				CLANG_WARN_DIRECT_OBJC_ISA_USAGE = YES_ERROR;
				CLANG_WARN_DOCUMENTATION_COMMENTS = YES;
				CLANG_WARN_EMPTY_BODY = YES;
				CLANG_WARN_ENUM_CONVERSION = YES;
				CLANG_WARN_INFINITE_RECURSION = YES;
				CLANG_WARN_INT_CONVERSION = YES;
				CLANG_WARN_NON_LITERAL_NULL_CONVERSION = YES;
				CLANG_WARN_OBJC_IMPLICIT_RETAIN_SELF = YES;
				CLANG_WARN_OBJC_LITERAL_CONVERSION = YES;
				CLANG_WARN_OBJC_ROOT_CLASS = YES_ERROR;
				CLANG_WARN_QUOTED_INCLUDE_IN_FRAMEWORK_HEADER = YES;
				CLANG_WARN_RANGE_LOOP_ANALYSIS = YES;
				CLANG_WARN_STRICT_PROTOTYPES = YES;
				CLANG_WARN_SUSPICIOUS_MOVE = YES;
				CLANG_WARN_UNGUARDED_AVAILABILITY = YES_AGGRESSIVE;
				CLANG_WARN_UNREACHABLE_CODE = YES;
				CLANG_WARN__DUPLICATE_METHOD_MATCH = YES;
				COPY_PHASE_STRIP = NO;
				DEBUG_INFORMATION_FORMAT = dwarf;
				ENABLE_STRICT_OBJC_MSGSEND = YES;
				ENABLE_TESTABILITY = YES;
				GCC_C_LANGUAGE_STANDARD = gnu11;
				GCC_DYNAMIC_NO_PIC = NO;
				GCC_NO_COMMON_BLOCKS = YES;
				GCC_OPTIMIZATION_LEVEL = 0;
				GCC_PREPROCESSOR_DEFINITIONS = (
					"DEBUG=1",
					"$(inherited)",
				);
				GCC_WARN_64_TO_32_BIT_CONVERSION = YES;
				GCC_WARN_ABOUT_RETURN_TYPE = YES_ERROR;
				GCC_WARN_UNDECLARED_SELECTOR = YES;
				GCC_WARN_UNINITIALIZED_AUTOS = YES_AGGRESSIVE;
				GCC_WARN_UNUSED_FUNCTION = YES;
				GCC_WARN_UNUSED_VARIABLE = YES;
				IPHONEOS_DEPLOYMENT_TARGET = 14.5;
				MTL_ENABLE_DEBUG_INFO = INCLUDE_SOURCE;
				MTL_FAST_MATH = YES;
				ONLY_ACTIVE_ARCH = YES;
				SDKROOT = iphoneos;
				SWIFT_ACTIVE_COMPILATION_CONDITIONS = DEBUG;
				SWIFT_OPTIMIZATION_LEVEL = "-Onone";
			};
			name = Debug;
		};
		1B9FB0282679127200979B55 /* Release */ = {
			isa = XCBuildConfiguration;
			buildSettings = {
				ALWAYS_SEARCH_USER_PATHS = NO;
				CLANG_ANALYZER_NONNULL = YES;
				CLANG_ANALYZER_NUMBER_OBJECT_CONVERSION = YES_AGGRESSIVE;
				CLANG_CXX_LANGUAGE_STANDARD = "gnu++14";
				CLANG_CXX_LIBRARY = "libc++";
				CLANG_ENABLE_MODULES = YES;
				CLANG_ENABLE_OBJC_ARC = YES;
				CLANG_ENABLE_OBJC_WEAK = YES;
				CLANG_WARN_BLOCK_CAPTURE_AUTORELEASING = YES;
				CLANG_WARN_BOOL_CONVERSION = YES;
				CLANG_WARN_COMMA = YES;
				CLANG_WARN_CONSTANT_CONVERSION = YES;
				CLANG_WARN_DEPRECATED_OBJC_IMPLEMENTATIONS = YES;
				CLANG_WARN_DIRECT_OBJC_ISA_USAGE = YES_ERROR;
				CLANG_WARN_DOCUMENTATION_COMMENTS = YES;
				CLANG_WARN_EMPTY_BODY = YES;
				CLANG_WARN_ENUM_CONVERSION = YES;
				CLANG_WARN_INFINITE_RECURSION = YES;
				CLANG_WARN_INT_CONVERSION = YES;
				CLANG_WARN_NON_LITERAL_NULL_CONVERSION = YES;
				CLANG_WARN_OBJC_IMPLICIT_RETAIN_SELF = YES;
				CLANG_WARN_OBJC_LITERAL_CONVERSION = YES;
				CLANG_WARN_OBJC_ROOT_CLASS = YES_ERROR;
				CLANG_WARN_QUOTED_INCLUDE_IN_FRAMEWORK_HEADER = YES;
				CLANG_WARN_RANGE_LOOP_ANALYSIS = YES;
				CLANG_WARN_STRICT_PROTOTYPES = YES;
				CLANG_WARN_SUSPICIOUS_MOVE = YES;
				CLANG_WARN_UNGUARDED_AVAILABILITY = YES_AGGRESSIVE;
				CLANG_WARN_UNREACHABLE_CODE = YES;
				CLANG_WARN__DUPLICATE_METHOD_MATCH = YES;
				COPY_PHASE_STRIP = NO;
				DEBUG_INFORMATION_FORMAT = "dwarf-with-dsym";
				ENABLE_NS_ASSERTIONS = NO;
				ENABLE_STRICT_OBJC_MSGSEND = YES;
				GCC_C_LANGUAGE_STANDARD = gnu11;
				GCC_NO_COMMON_BLOCKS = YES;
				GCC_WARN_64_TO_32_BIT_CONVERSION = YES;
				GCC_WARN_ABOUT_RETURN_TYPE = YES_ERROR;
				GCC_WARN_UNDECLARED_SELECTOR = YES;
				GCC_WARN_UNINITIALIZED_AUTOS = YES_AGGRESSIVE;
				GCC_WARN_UNUSED_FUNCTION = YES;
				GCC_WARN_UNUSED_VARIABLE = YES;
				IPHONEOS_DEPLOYMENT_TARGET = 14.5;
				MTL_ENABLE_DEBUG_INFO = NO;
				MTL_FAST_MATH = YES;
				SDKROOT = iphoneos;
				SWIFT_COMPILATION_MODE = wholemodule;
				SWIFT_OPTIMIZATION_LEVEL = "-O";
				VALIDATE_PRODUCT = YES;
			};
			name = Release;
		};
		1B9FB02A2679127200979B55 /* Debug */ = {
			isa = XCBuildConfiguration;
			baseConfigurationReference = 6977747427783DC49AAA14AB /* Pods-SwiftQuest.debug.xcconfig */;
			buildSettings = {
				ASSETCATALOG_COMPILER_APPICON_NAME = AppIcon;
				ASSETCATALOG_COMPILER_GLOBAL_ACCENT_COLOR_NAME = AccentColor;
				CODE_SIGN_STYLE = Automatic;
				DEVELOPMENT_TEAM = L363K9J2RM;
				INFOPLIST_FILE = SwiftQuest/Info.plist;
				LD_RUNPATH_SEARCH_PATHS = (
					"$(inherited)",
					"@executable_path/Frameworks",
				);
				PRODUCT_BUNDLE_IDENTIFIER = test.SwiftQuest;
				PRODUCT_NAME = "$(TARGET_NAME)";
				SWIFT_VERSION = 5.0;
				TARGETED_DEVICE_FAMILY = "1,2";
			};
			name = Debug;
		};
		1B9FB02B2679127200979B55 /* Release */ = {
			isa = XCBuildConfiguration;
			baseConfigurationReference = D04687A8DFA7C6DB1966DD36 /* Pods-SwiftQuest.release.xcconfig */;
			buildSettings = {
				ASSETCATALOG_COMPILER_APPICON_NAME = AppIcon;
				ASSETCATALOG_COMPILER_GLOBAL_ACCENT_COLOR_NAME = AccentColor;
				CODE_SIGN_STYLE = Automatic;
				DEVELOPMENT_TEAM = L363K9J2RM;
				INFOPLIST_FILE = SwiftQuest/Info.plist;
				LD_RUNPATH_SEARCH_PATHS = (
					"$(inherited)",
					"@executable_path/Frameworks",
				);
				PRODUCT_BUNDLE_IDENTIFIER = test.SwiftQuest;
				PRODUCT_NAME = "$(TARGET_NAME)";
				SWIFT_VERSION = 5.0;
				TARGETED_DEVICE_FAMILY = "1,2";
			};
			name = Release;
		};
/* End XCBuildConfiguration section */

/* Begin XCConfigurationList section */
		1B9FB0102679127100979B55 /* Build configuration list for PBXProject "SwiftQuest" */ = {
			isa = XCConfigurationList;
			buildConfigurations = (
				1B9FB0272679127200979B55 /* Debug */,
				1B9FB0282679127200979B55 /* Release */,
			);
			defaultConfigurationIsVisible = 0;
			defaultConfigurationName = Release;
		};
		1B9FB0292679127200979B55 /* Build configuration list for PBXNativeTarget "SwiftQuest" */ = {
			isa = XCConfigurationList;
			buildConfigurations = (
				1B9FB02A2679127200979B55 /* Debug */,
				1B9FB02B2679127200979B55 /* Release */,
			);
			defaultConfigurationIsVisible = 0;
			defaultConfigurationName = Release;
		};
/* End XCConfigurationList section */
	};
	rootObject = 1B9FB00D2679127100979B55 /* Project object */;
}
