PODS:
  - Alamofire (5.2.2)
  - Moya/Core (14.0.0):
    - Alamofire (~> 5.0)
  - Moya/RxSwift (14.0.0):
    - Moya/Core
    - RxSwift (~> 5.0)
  - RxSwift (5.1.2)

DEPENDENCIES:
  - Moya/RxSwift

SPEC REPOS:
  trunk:
    - Alamofire
    - Moya
    - RxSwift

SPEC CHECKSUMS:
  Alamofire: 814429acc853c6c54ff123fc3d2ef66803823ce0
  Moya: 5b45dacb75adb009f97fde91c204c1e565d31916
  RxSwift: 1e2e1f9570186967f617e49128ed26ccf1bafc8e

PODFILE CHECKSUM: 99b5b8ded87e07d785585c9a9e7a4e142bbade97

COCOAPODS: 1.10.0
